
Microsoft Visual Studio Solution File, Format Version 12.00
# Visual Studio Version 17
VisualStudioVersion = 17.14.37203.1 d17.14
MinimumVisualStudioVersion = 10.0.40219.1
Project("{FAE04EC0-301F-11D3-BF4B-00C04F79EFBC}") = "BoardBiblesV1", "BoardBiblesV1\BoardBiblesV1.csproj", "{042EC97B-2251-F6CA-74E1-AEAF7FC61FAD}"
EndProject
Global
	GlobalSection(SolutionConfigurationPlatforms) = preSolution
		Debug|Any CPU = Debug|Any CPU
		Release|Any CPU = Release|Any CPU
	EndGlobalSection
	GlobalSection(ProjectConfigurationPlatforms) = postSolution
		{042EC97B-2251-F6CA-74E1-AEAF7FC61FAD}.Debug|Any CPU.ActiveCfg = Debug|Any CPU
		{042EC97B-2251-F6CA-74E1-AEAF7FC61FAD}.Debug|Any CPU.Build.0 = Debug|Any CPU
		{042EC97B-2251-F6CA-74E1-AEAF7FC61FAD}.Release|Any CPU.ActiveCfg = Release|Any CPU
		{042EC97B-2251-F6CA-74E1-AEAF7FC61FAD}.Release|Any CPU.Build.0 = Release|Any CPU
	EndGlobalSection
	GlobalSection(SolutionProperties) = preSolution
		HideSolutionNode = FALSE
	EndGlobalSection
	GlobalSection(ExtensibilityGlobals) = postSolution
		SolutionGuid = {7B05D78A-133B-4A4A-AF1A-C923D9CAB043}
	EndGlobalSection
EndGlobal
